// !$*UTF8*$!
{
	archiveVersion = 1;
	classes = {
	};
	objectVersion = 46;
	objects = {

/* Begin PBXBuildFile section */
		2CB823A21B1754C3002B587F /* 05_01.c in Sources */ = {isa = PBXBuildFile; fileRef = 2CB823951B17533B002B587F /* 05_01.c */; };
		2CB823B01B199998002B587F /* 05_02.c in Sources */ = {isa = PBXBuildFile; fileRef = 2CB823AF1B199998002B587F /* 05_02.c */; };
/* End PBXBuildFile section */

/* Begin PBXCopyFilesBuildPhase section */
		2CB823991B1754B2002B587F /* CopyFiles */ = {
			isa = PBXCopyFilesBuildPhase;
			buildActionMask = 2147483647;
			dstPath = /usr/share/man/man1/;
			dstSubfolderSpec = 0;
			files = (
			);
			runOnlyForDeploymentPostprocessing = 1;
		};
		2CB823A61B19993A002B587F /* CopyFiles */ = {
			isa = PBXCopyFilesBuildPhase;
			buildActionMask = 2147483647;
			dstPath = /usr/share/man/man1/;
			dstSubfolderSpec = 0;
			files = (
			);
			runOnlyForDeploymentPostprocessing = 1;
		};
/* End PBXCopyFilesBuildPhase section */

/* Begin PBXFileReference section */
		2CB823951B17533B002B587F /* 05_01.c */ = {isa = PBXFileReference; lastKnownFileType = sourcecode.c.c; path = 05_01.c; sourceTree = "<group>"; };
		2CB8239B1B1754B2002B587F /* 05_01 */ = {isa = PBXFileReference; explicitFileType = "compiled.mach-o.executable"; includeInIndex = 0; path = 05_01; sourceTree = BUILT_PRODUCTS_DIR; };
		2CB823A81B19993A002B587F /* 05_02 */ = {isa = PBXFileReference; explicitFileType = "compiled.mach-o.executable"; includeInIndex = 0; path = 05_02; sourceTree = BUILT_PRODUCTS_DIR; };
		2CB823AF1B199998002B587F /* 05_02.c */ = {isa = PBXFileReference; fileEncoding = 4; lastKnownFileType = sourcecode.c.c; path = 05_02.c; sourceTree = "<group>"; };
/* End PBXFileReference section */

/* Begin PBXFrameworksBuildPhase section */
		2CB823981B1754B2002B587F /* Frameworks */ = {
			isa = PBXFrameworksBuildPhase;
			buildActionMask = 2147483647;
			files = (
			);
			runOnlyForDeploymentPostprocessing = 0;
		};
		2CB823A51B19993A002B587F /* Frameworks */ = {
			isa = PBXFrameworksBuildPhase;
			buildActionMask = 2147483647;
			files = (
			);
			runOnlyForDeploymentPostprocessing = 0;
		};
/* End PBXFrameworksBuildPhase section */

/* Begin PBXGroup section */
		2CB823811B1752CB002B587F = {
			isa = PBXGroup;
			children = (
				2CB823941B1752E3002B587F /* 05_01 */,
				2CB823A91B19993A002B587F /* 05_02 */,
				2CB8238B1B1752CB002B587F /* Products */,
			);
			sourceTree = "<group>";
		};
		2CB8238B1B1752CB002B587F /* Products */ = {
			isa = PBXGroup;
			children = (
				2CB8239B1B1754B2002B587F /* 05_01 */,
				2CB823A81B19993A002B587F /* 05_02 */,
			);
			name = Products;
			sourceTree = "<group>";
		};
		2CB823941B1752E3002B587F /* 05_01 */ = {
			isa = PBXGroup;
			children = (
				2CB823951B17533B002B587F /* 05_01.c */,
			);
			path = 05_01;
			sourceTree = "<group>";
		};
		2CB823A91B19993A002B587F /* 05_02 */ = {
			isa = PBXGroup;
			children = (
				2CB823AF1B199998002B587F /* 05_02.c */,
			);
			path = 05_02;
			sourceTree = "<group>";
		};
/* End PBXGroup section */

/* Begin PBXNativeTarget section */
		2CB8239A1B1754B2002B587F /* 05_01 */ = {
			isa = PBXNativeTarget;
			buildConfigurationList = 2CB8239F1B1754B2002B587F /* Build configuration list for PBXNativeTarget "05_01" */;
			buildPhases = (
				2CB823971B1754B2002B587F /* Sources */,
				2CB823981B1754B2002B587F /* Frameworks */,
				2CB823991B1754B2002B587F /* CopyFiles */,
			);
			buildRules = (
			);
			dependencies = (
			);
			name = 05_01;
			productName = 05_01;
			productReference = 2CB8239B1B1754B2002B587F /* 05_01 */;
			productType = "com.apple.product-type.tool";
		};
		2CB823A71B19993A002B587F /* 05_02 */ = {
			isa = PBXNativeTarget;
			buildConfigurationList = 2CB823AC1B19993A002B587F /* Build configuration list for PBXNativeTarget "05_02" */;
			buildPhases = (
				2CB823A41B19993A002B587F /* Sources */,
				2CB823A51B19993A002B587F /* Frameworks */,
				2CB823A61B19993A002B587F /* CopyFiles */,
			);
			buildRules = (
			);
			dependencies = (
			);
			name = 05_02;
			productName = 05_02;
			productReference = 2CB823A81B19993A002B587F /* 05_02 */;
			productType = "com.apple.product-type.tool";
		};
/* End PBXNativeTarget section */

/* Begin PBXProject section */
		2CB823821B1752CB002B587F /* Project object */ = {
			isa = PBXProject;
			attributes = {
				LastUpgradeCheck = 0730;
				ORGANIZATIONNAME = ds;
				TargetAttributes = {
					2CB8239A1B1754B2002B587F = {
						CreatedOnToolsVersion = 6.3.1;
					};
					2CB823A71B19993A002B587F = {
						CreatedOnToolsVersion = 6.3.1;
					};
				};
			};
			buildConfigurationList = 2CB823851B1752CB002B587F /* Build configuration list for PBXProject "05" */;
			compatibilityVersion = "Xcode 3.2";
			developmentRegion = English;
			hasScannedForEncodings = 0;
			knownRegions = (
				en,
			);
			mainGroup = 2CB823811B1752CB002B587F;
			productRefGroup = 2CB8238B1B1752CB002B587F /* Products */;
			projectDirPath = "";
			projectRoot = "";
			targets = (
				2CB8239A1B1754B2002B587F /* 05_01 */,
				2CB823A71B19993A002B587F /* 05_02 */,
			);
		};
/* End PBXProject section */

/* Begin PBXSourcesBuildPhase section */
		2CB823971B1754B2002B587F /* Sources */ = {
			isa = PBXSourcesBuildPhase;
			buildActionMask = 2147483647;
			files = (
				2CB823A21B1754C3002B587F /* 05_01.c in Sources */,
			);
			runOnlyForDeploymentPostprocessing = 0;
		};
		2CB823A41B19993A002B587F /* Sources */ = {
			isa = PBXSourcesBuildPhase;
			buildActionMask = 2147483647;
			files = (
				2CB823B01B199998002B587F /* 05_02.c in Sources */,
			);
			runOnlyForDeploymentPostprocessing = 0;
		};
/* End PBXSourcesBuildPhase section */

/* Begin XCBuildConfiguration section */
		2CB8238F1B1752CB002B587F /* Debug */ = {
			isa = XCBuildConfiguration;
			buildSettings = {
				ALWAYS_SEARCH_USER_PATHS = NO;
				CLANG_CXX_LANGUAGE_STANDARD = "gnu++0x";
				CLANG_CXX_LIBRARY = "libc++";
				CLANG_ENABLE_MODULES = YES;
				CLANG_ENABLE_OBJC_ARC = YES;
				CLANG_WARN_BOOL_CONVERSION = YES;
				CLANG_WARN_CONSTANT_CONVERSION = YES;
				CLANG_WARN_DIRECT_OBJC_ISA_USAGE = YES_ERROR;
				CLANG_WARN_EMPTY_BODY = YES;
				CLANG_WARN_ENUM_CONVERSION = YES;
				CLANG_WARN_INT_CONVERSION = YES;
				CLANG_WARN_OBJC_ROOT_CLASS = YES_ERROR;
				CLANG_WARN_UNREACHABLE_CODE = YES;
				CLANG_WARN__DUPLICATE_METHOD_MATCH = YES;
				COPY_PHASE_STRIP = NO;
				DEBUG_INFORMATION_FORMAT = dwarf;
				ENABLE_STRICT_OBJC_MSGSEND = YES;
				ENABLE_TESTABILITY = YES;
				GCC_C_LANGUAGE_STANDARD = gnu99;
				GCC_DYNAMIC_NO_PIC = NO;
				GCC_NO_COMMON_BLOCKS = YES;
				GCC_OPTIMIZATION_LEVEL = 0;
				GCC_PREPROCESSOR_DEFINITIONS = (
					"DEBUG=1",
					"$(inherited)",
				);
				GCC_SYMBOLS_PRIVATE_EXTERN = NO;
				GCC_WARN_64_TO_32_BIT_CONVERSION = YES;
				GCC_WARN_ABOUT_RETURN_TYPE = YES_ERROR;
				GCC_WARN_UNDECLARED_SELECTOR = YES;
				GCC_WARN_UNINITIALIZED_AUTOS = YES_AGGRESSIVE;
				GCC_WARN_UNUSED_FUNCTION = YES;
				GCC_WARN_UNUSED_VARIABLE = YES;
				MACOSX_DEPLOYMENT_TARGET = 10.10;
				MTL_ENABLE_DEBUG_INFO = YES;
				ONLY_ACTIVE_ARCH = YES;
				SDKROOT = macosx;
			};
			name = Debug;
		};
		2CB823901B1752CB002B587F /* Release */ = {
			isa = XCBuildConfiguration;
			buildSettings = {
				ALWAYS_SEARCH_USER_PATHS = NO;
				CLANG_CXX_LANGUAGE_STANDARD = "gnu++0x";
				CLANG_CXX_LIBRARY = "libc++";
				CLANG_ENABLE_MODULES = YES;
				CLANG_ENABLE_OBJC_ARC = YES;
				CLANG_WARN_BOOL_CONVERSION = YES;
				CLANG_WARN_CONSTANT_CONVERSION = YES;
				CLANG_WARN_DIRECT_OBJC_ISA_USAGE = YES_ERROR;
				CLANG_WARN_EMPTY_BODY = YES;
				CLANG_WARN_ENUM_CONVERSION = YES;
				CLANG_WARN_INT_CONVERSION = YES;
				CLANG_WARN_OBJC_ROOT_CLASS = YES_ERROR;
				CLANG_WARN_UNREACHABLE_CODE = YES;
				CLANG_WARN__DUPLICATE_METHOD_MATCH = YES;
				COPY_PHASE_STRIP = NO;
				DEBUG_INFORMATION_FORMAT = "dwarf-with-dsym";
				ENABLE_NS_ASSERTIONS = NO;
				ENABLE_STRICT_OBJC_MSGSEND = YES;
				GCC_C_LANGUAGE_STANDARD = gnu99;
				GCC_NO_COMMON_BLOCKS = YES;
				GCC_WARN_64_TO_32_BIT_CONVERSION = YES;
				GCC_WARN_ABOUT_RETURN_TYPE = YES_ERROR;
				GCC_WARN_UNDECLARED_SELECTOR = YES;
				GCC_WARN_UNINITIALIZED_AUTOS = YES_AGGRESSIVE;
				GCC_WARN_UNUSED_FUNCTION = YES;
				GCC_WARN_UNUSED_VARIABLE = YES;
				MACOSX_DEPLOYMENT_TARGET = 10.10;
				MTL_ENABLE_DEBUG_INFO = NO;
				SDKROOT = macosx;
			};
			name = Release;
		};
		2CB823A01B1754B2002B587F /* Debug */ = {
			isa = XCBuildConfiguration;
			buildSettings = {
				GCC_PREPROCESSOR_DEFINITIONS = (
					"DEBUG=1",
					"$(inherited)",
				);
				PRODUCT_NAME = "$(TARGET_NAME)";
			};
			name = Debug;
		};
		2CB823A11B1754B2002B587F /* Release */ = {
			isa = XCBuildConfiguration;
			buildSettings = {
				PRODUCT_NAME = "$(TARGET_NAME)";
			};
			name = Release;
		};
		2CB823AD1B19993A002B587F /* Debug */ = {
			isa = XCBuildConfiguration;
			buildSettings = {
				GCC_PREPROCESSOR_DEFINITIONS = (
					"DEBUG=1",
					"$(inherited)",
				);
				PRODUCT_NAME = "$(TARGET_NAME)";
			};
			name = Debug;
		};
		2CB823AE1B19993A002B587F /* Release */ = {
			isa = XCBuildConfiguration;
			buildSettings = {
				PRODUCT_NAME = "$(TARGET_NAME)";
			};
			name = Release;
		};
/* End XCBuildConfiguration section */

/* Begin XCConfigurationList section */
		2CB823851B1752CB002B587F /* Build configuration list for PBXProject "05" */ = {
			isa = XCConfigurationList;
			buildConfigurations = (
				2CB8238F1B1752CB002B587F /* Debug */,
				2CB823901B1752CB002B587F /* Release */,
			);
			defaultConfigurationIsVisible = 0;
			defaultConfigurationName = Release;
		};
		2CB8239F1B1754B2002B587F /* Build configuration list for PBXNativeTarget "05_01" */ = {
			isa = XCConfigurationList;
			buildConfigurations = (
				2CB823A01B1754B2002B587F /* Debug */,
				2CB823A11B1754B2002B587F /* Release */,
			);
			defaultConfigurationIsVisible = 0;
			defaultConfigurationName = Release;
		};
		2CB823AC1B19993A002B587F /* Build configuration list for PBXNativeTarget "05_02" */ = {
			isa = XCConfigurationList;
			buildConfigurations = (
				2CB823AD1B19993A002B587F /* Debug */,
				2CB823AE1B19993A002B587F /* Release */,
			);
			defaultConfigurationIsVisible = 0;
			defaultConfigurationName = Release;
		};
/* End XCConfigurationList section */
	};
	rootObject = 2CB823821B1752CB002B587F /* Project object */;
}
