// !$*UTF8*$!
{
	archiveVersion = 1;
	classes = {
	};
	objectVersion = 46;
	objects = {

/* Begin PBXBuildFile section */
		2CE891B71BEDE9E100DDD83E /* 02_01.c in Sources */ = {isa = PBXBuildFile; fileRef = 2CE891B61BEDE9E100DDD83E /* 02_01.c */; };
/* End PBXBuildFile section */

/* Begin PBXCopyFilesBuildPhase section */
		2CE891B21BEDE9E100DDD83E /* CopyFiles */ = {
			isa = PBXCopyFilesBuildPhase;
			buildActionMask = 2147483647;
			dstPath = /usr/share/man/man1/;
			dstSubfolderSpec = 0;
			files = (
			);
			runOnlyForDeploymentPostprocessing = 1;
		};
/* End PBXCopyFilesBuildPhase section */

/* Begin PBXFileReference section */
		2CE891B41BEDE9E100DDD83E /* 02_01 */ = {isa = PBXFileReference; explicitFileType = "compiled.mach-o.executable"; includeInIndex = 0; path = 02_01; sourceTree = BUILT_PRODUCTS_DIR; };
		2CE891B61BEDE9E100DDD83E /* 02_01.c */ = {isa = PBXFileReference; lastKnownFileType = sourcecode.c.c; path = 02_01.c; sourceTree = "<group>"; };
/* End PBXFileReference section */

/* Begin PBXFrameworksBuildPhase section */
		2CE891B11BEDE9E100DDD83E /* Frameworks */ = {
			isa = PBXFrameworksBuildPhase;
			buildActionMask = 2147483647;
			files = (
			);
			runOnlyForDeploymentPostprocessing = 0;
		};
/* End PBXFrameworksBuildPhase section */

/* Begin PBXGroup section */
		2CE8919D1BEDE9C900DDD83E = {
			isa = PBXGroup;
			children = (
				2CE891B51BEDE9E100DDD83E /* 02_01 */,
				2CE891A71BEDE9CA00DDD83E /* Products */,
			);
			sourceTree = "<group>";
		};
		2CE891A71BEDE9CA00DDD83E /* Products */ = {
			isa = PBXGroup;
			children = (
				2CE891B41BEDE9E100DDD83E /* 02_01 */,
			);
			name = Products;
			sourceTree = "<group>";
		};
		2CE891B51BEDE9E100DDD83E /* 02_01 */ = {
			isa = PBXGroup;
			children = (
				2CE891B61BEDE9E100DDD83E /* 02_01.c */,
			);
			path = 02_01;
			sourceTree = "<group>";
		};
/* End PBXGroup section */

/* Begin PBXNativeTarget section */
		2CE891B31BEDE9E100DDD83E /* 02_01 */ = {
			isa = PBXNativeTarget;
			buildConfigurationList = 2CE891B81BEDE9E100DDD83E /* Build configuration list for PBXNativeTarget "02_01" */;
			buildPhases = (
				2CE891B01BEDE9E100DDD83E /* Sources */,
				2CE891B11BEDE9E100DDD83E /* Frameworks */,
				2CE891B21BEDE9E100DDD83E /* CopyFiles */,
			);
			buildRules = (
			);
			dependencies = (
			);
			name = 02_01;
			productName = 02_01;
			productReference = 2CE891B41BEDE9E100DDD83E /* 02_01 */;
			productType = "com.apple.product-type.tool";
		};
/* End PBXNativeTarget section */

/* Begin PBXProject section */
		2CE8919E1BEDE9C900DDD83E /* Project object */ = {
			isa = PBXProject;
			attributes = {
				LastUpgradeCheck = 0710;
				ORGANIZATIONNAME = "Lee Sang Jin";
				TargetAttributes = {
					2CE891B31BEDE9E100DDD83E = {
						CreatedOnToolsVersion = 7.1;
					};
				};
			};
			buildConfigurationList = 2CE891A11BEDE9C900DDD83E /* Build configuration list for PBXProject "02" */;
			compatibilityVersion = "Xcode 3.2";
			developmentRegion = English;
			hasScannedForEncodings = 0;
			knownRegions = (
				en,
			);
			mainGroup = 2CE8919D1BEDE9C900DDD83E;
			productRefGroup = 2CE891A71BEDE9CA00DDD83E /* Products */;
			projectDirPath = "";
			projectRoot = "";
			targets = (
				2CE891B31BEDE9E100DDD83E /* 02_01 */,
			);
		};
/* End PBXProject section */

/* Begin PBXSourcesBuildPhase section */
		2CE891B01BEDE9E100DDD83E /* Sources */ = {
			isa = PBXSourcesBuildPhase;
			buildActionMask = 2147483647;
			files = (
				2CE891B71BEDE9E100DDD83E /* 02_01.c in Sources */,
			);
			runOnlyForDeploymentPostprocessing = 0;
		};
/* End PBXSourcesBuildPhase section */

/* Begin XCBuildConfiguration section */
		2CE891AB1BEDE9CA00DDD83E /* Debug */ = {
			isa = XCBuildConfiguration;
			buildSettings = {
				ALWAYS_SEARCH_USER_PATHS = NO;
				CLANG_CXX_LANGUAGE_STANDARD = "gnu++0x";
				CLANG_CXX_LIBRARY = "libc++";
				CLANG_ENABLE_MODULES = YES;
				CLANG_ENABLE_OBJC_ARC = YES;
				CLANG_WARN_BOOL_CONVERSION = YES;
				CLANG_WARN_CONSTANT_CONVERSION = YES;
				CLANG_WARN_DIRECT_OBJC_ISA_USAGE = YES_ERROR;
				CLANG_WARN_EMPTY_BODY = YES;
				CLANG_WARN_ENUM_CONVERSION = YES;
				CLANG_WARN_INT_CONVERSION = YES;
				CLANG_WARN_OBJC_ROOT_CLASS = YES_ERROR;
				CLANG_WARN_UNREACHABLE_CODE = YES;
				CLANG_WARN__DUPLICATE_METHOD_MATCH = YES;
				CODE_SIGN_IDENTITY = "-";
				COPY_PHASE_STRIP = NO;
				DEBUG_INFORMATION_FORMAT = dwarf;
				ENABLE_STRICT_OBJC_MSGSEND = YES;
				ENABLE_TESTABILITY = YES;
				GCC_C_LANGUAGE_STANDARD = gnu99;
				GCC_DYNAMIC_NO_PIC = NO;
				GCC_NO_COMMON_BLOCKS = YES;
				GCC_OPTIMIZATION_LEVEL = 0;
				GCC_PREPROCESSOR_DEFINITIONS = (
					"DEBUG=1",
					"$(inherited)",
				);
				GCC_WARN_64_TO_32_BIT_CONVERSION = YES;
				GCC_WARN_ABOUT_RETURN_TYPE = YES_ERROR;
				GCC_WARN_UNDECLARED_SELECTOR = YES;
				GCC_WARN_UNINITIALIZED_AUTOS = YES_AGGRESSIVE;
				GCC_WARN_UNUSED_FUNCTION = YES;
				GCC_WARN_UNUSED_VARIABLE = YES;
				MACOSX_DEPLOYMENT_TARGET = 10.11;
				MTL_ENABLE_DEBUG_INFO = YES;
				ONLY_ACTIVE_ARCH = YES;
				SDKROOT = macosx;
			};
			name = Debug;
		};
		2CE891AC1BEDE9CA00DDD83E /* Release */ = {
			isa = XCBuildConfiguration;
			buildSettings = {
				ALWAYS_SEARCH_USER_PATHS = NO;
				CLANG_CXX_LANGUAGE_STANDARD = "gnu++0x";
				CLANG_CXX_LIBRARY = "libc++";
				CLANG_ENABLE_MODULES = YES;
				CLANG_ENABLE_OBJC_ARC = YES;
				CLANG_WARN_BOOL_CONVERSION = YES;
				CLANG_WARN_CONSTANT_CONVERSION = YES;
				CLANG_WARN_DIRECT_OBJC_ISA_USAGE = YES_ERROR;
				CLANG_WARN_EMPTY_BODY = YES;
				CLANG_WARN_ENUM_CONVERSION = YES;
				CLANG_WARN_INT_CONVERSION = YES;
				CLANG_WARN_OBJC_ROOT_CLASS = YES_ERROR;
				CLANG_WARN_UNREACHABLE_CODE = YES;
				CLANG_WARN__DUPLICATE_METHOD_MATCH = YES;
				CODE_SIGN_IDENTITY = "-";
				COPY_PHASE_STRIP = NO;
				DEBUG_INFORMATION_FORMAT = "dwarf-with-dsym";
				ENABLE_NS_ASSERTIONS = NO;
				ENABLE_STRICT_OBJC_MSGSEND = YES;
				GCC_C_LANGUAGE_STANDARD = gnu99;
				GCC_NO_COMMON_BLOCKS = YES;
				GCC_WARN_64_TO_32_BIT_CONVERSION = YES;
				GCC_WARN_ABOUT_RETURN_TYPE = YES_ERROR;
				GCC_WARN_UNDECLARED_SELECTOR = YES;
				GCC_WARN_UNINITIALIZED_AUTOS = YES_AGGRESSIVE;
				GCC_WARN_UNUSED_FUNCTION = YES;
				GCC_WARN_UNUSED_VARIABLE = YES;
				MACOSX_DEPLOYMENT_TARGET = 10.11;
				MTL_ENABLE_DEBUG_INFO = NO;
				SDKROOT = macosx;
			};
			name = Release;
		};
		2CE891B91BEDE9E100DDD83E /* Debug */ = {
			isa = XCBuildConfiguration;
			buildSettings = {
				PRODUCT_NAME = "$(TARGET_NAME)";
			};
			name = Debug;
		};
		2CE891BA1BEDE9E100DDD83E /* Release */ = {
			isa = XCBuildConfiguration;
			buildSettings = {
				PRODUCT_NAME = "$(TARGET_NAME)";
			};
			name = Release;
		};
/* End XCBuildConfiguration section */

/* Begin XCConfigurationList section */
		2CE891A11BEDE9C900DDD83E /* Build configuration list for PBXProject "02" */ = {
			isa = XCConfigurationList;
			buildConfigurations = (
				2CE891AB1BEDE9CA00DDD83E /* Debug */,
				2CE891AC1BEDE9CA00DDD83E /* Release */,
			);
			defaultConfigurationIsVisible = 0;
			defaultConfigurationName = Release;
		};
		2CE891B81BEDE9E100DDD83E /* Build configuration list for PBXNativeTarget "02_01" */ = {
			isa = XCConfigurationList;
			buildConfigurations = (
				2CE891B91BEDE9E100DDD83E /* Debug */,
				2CE891BA1BEDE9E100DDD83E /* Release */,
			);
			defaultConfigurationIsVisible = 0;
		};
/* End XCConfigurationList section */
	};
	rootObject = 2CE8919E1BEDE9C900DDD83E /* Project object */;
}
