// !$*UTF8*$!
{
	archiveVersion = 1;
	classes = {
	};
	objectVersion = 46;
	objects = {

/* Begin PBXBuildFile section */
		2CD0A1261B2C53EA009C7C96 /* 07_01.c in Sources */ = {isa = PBXBuildFile; fileRef = 2CD0A1251B2C53EA009C7C96 /* 07_01.c */; };
		2CE9CE331B3540DC00B76346 /* 07_02.c in Sources */ = {isa = PBXBuildFile; fileRef = 2CE9CE321B3540DC00B76346 /* 07_02.c */; };
		2CE9CE3B1B355EA500B76346 /* 07_03.c in Sources */ = {isa = PBXBuildFile; fileRef = 2CE9CE3A1B355EA500B76346 /* 07_03.c */; };
/* End PBXBuildFile section */

/* Begin PBXCopyFilesBuildPhase section */
		2CD0A11C1B2C5349009C7C96 /* CopyFiles */ = {
			isa = PBXCopyFilesBuildPhase;
			buildActionMask = 2147483647;
			dstPath = /usr/share/man/man1/;
			dstSubfolderSpec = 0;
			files = (
			);
			runOnlyForDeploymentPostprocessing = 1;
		};
		2CE9CE291B3540A800B76346 /* CopyFiles */ = {
			isa = PBXCopyFilesBuildPhase;
			buildActionMask = 2147483647;
			dstPath = /usr/share/man/man1/;
			dstSubfolderSpec = 0;
			files = (
			);
			runOnlyForDeploymentPostprocessing = 1;
		};
		2CE9CE361B355EA500B76346 /* CopyFiles */ = {
			isa = PBXCopyFilesBuildPhase;
			buildActionMask = 2147483647;
			dstPath = /usr/share/man/man1/;
			dstSubfolderSpec = 0;
			files = (
			);
			runOnlyForDeploymentPostprocessing = 1;
		};
/* End PBXCopyFilesBuildPhase section */

/* Begin PBXFileReference section */
		2CD0A11E1B2C5349009C7C96 /* 07_01 */ = {isa = PBXFileReference; explicitFileType = "compiled.mach-o.executable"; includeInIndex = 0; path = 07_01; sourceTree = BUILT_PRODUCTS_DIR; };
		2CD0A1251B2C53EA009C7C96 /* 07_01.c */ = {isa = PBXFileReference; fileEncoding = 4; lastKnownFileType = sourcecode.c.c; path = 07_01.c; sourceTree = "<group>"; };
		2CE9CE2B1B3540A800B76346 /* 07_02 */ = {isa = PBXFileReference; explicitFileType = "compiled.mach-o.executable"; includeInIndex = 0; path = 07_02; sourceTree = BUILT_PRODUCTS_DIR; };
		2CE9CE321B3540DC00B76346 /* 07_02.c */ = {isa = PBXFileReference; fileEncoding = 4; lastKnownFileType = sourcecode.c.c; path = 07_02.c; sourceTree = "<group>"; };
		2CE9CE381B355EA500B76346 /* 07_03 */ = {isa = PBXFileReference; explicitFileType = "compiled.mach-o.executable"; includeInIndex = 0; path = 07_03; sourceTree = BUILT_PRODUCTS_DIR; };
		2CE9CE3A1B355EA500B76346 /* 07_03.c */ = {isa = PBXFileReference; lastKnownFileType = sourcecode.c.c; path = 07_03.c; sourceTree = "<group>"; };
/* End PBXFileReference section */

/* Begin PBXFrameworksBuildPhase section */
		2CD0A11B1B2C5349009C7C96 /* Frameworks */ = {
			isa = PBXFrameworksBuildPhase;
			buildActionMask = 2147483647;
			files = (
			);
			runOnlyForDeploymentPostprocessing = 0;
		};
		2CE9CE281B3540A800B76346 /* Frameworks */ = {
			isa = PBXFrameworksBuildPhase;
			buildActionMask = 2147483647;
			files = (
			);
			runOnlyForDeploymentPostprocessing = 0;
		};
		2CE9CE351B355EA500B76346 /* Frameworks */ = {
			isa = PBXFrameworksBuildPhase;
			buildActionMask = 2147483647;
			files = (
			);
			runOnlyForDeploymentPostprocessing = 0;
		};
/* End PBXFrameworksBuildPhase section */

/* Begin PBXGroup section */
		2CD0A1071B2C5331009C7C96 = {
			isa = PBXGroup;
			children = (
				2CD0A11F1B2C5349009C7C96 /* 07_01 */,
				2CE9CE2C1B3540A800B76346 /* 07_02 */,
				2CE9CE391B355EA500B76346 /* 07_03 */,
				2CD0A1111B2C5331009C7C96 /* Products */,
			);
			sourceTree = "<group>";
		};
		2CD0A1111B2C5331009C7C96 /* Products */ = {
			isa = PBXGroup;
			children = (
				2CD0A11E1B2C5349009C7C96 /* 07_01 */,
				2CE9CE2B1B3540A800B76346 /* 07_02 */,
				2CE9CE381B355EA500B76346 /* 07_03 */,
			);
			name = Products;
			sourceTree = "<group>";
		};
		2CD0A11F1B2C5349009C7C96 /* 07_01 */ = {
			isa = PBXGroup;
			children = (
				2CD0A1251B2C53EA009C7C96 /* 07_01.c */,
			);
			path = 07_01;
			sourceTree = "<group>";
		};
		2CE9CE2C1B3540A800B76346 /* 07_02 */ = {
			isa = PBXGroup;
			children = (
				2CE9CE321B3540DC00B76346 /* 07_02.c */,
			);
			path = 07_02;
			sourceTree = "<group>";
		};
		2CE9CE391B355EA500B76346 /* 07_03 */ = {
			isa = PBXGroup;
			children = (
				2CE9CE3A1B355EA500B76346 /* 07_03.c */,
			);
			path = 07_03;
			sourceTree = "<group>";
		};
/* End PBXGroup section */

/* Begin PBXNativeTarget section */
		2CD0A11D1B2C5349009C7C96 /* 07_01 */ = {
			isa = PBXNativeTarget;
			buildConfigurationList = 2CD0A1221B2C5349009C7C96 /* Build configuration list for PBXNativeTarget "07_01" */;
			buildPhases = (
				2CD0A11A1B2C5349009C7C96 /* Sources */,
				2CD0A11B1B2C5349009C7C96 /* Frameworks */,
				2CD0A11C1B2C5349009C7C96 /* CopyFiles */,
			);
			buildRules = (
			);
			dependencies = (
			);
			name = 07_01;
			productName = 07_01;
			productReference = 2CD0A11E1B2C5349009C7C96 /* 07_01 */;
			productType = "com.apple.product-type.tool";
		};
		2CE9CE2A1B3540A800B76346 /* 07_02 */ = {
			isa = PBXNativeTarget;
			buildConfigurationList = 2CE9CE311B3540A800B76346 /* Build configuration list for PBXNativeTarget "07_02" */;
			buildPhases = (
				2CE9CE271B3540A800B76346 /* Sources */,
				2CE9CE281B3540A800B76346 /* Frameworks */,
				2CE9CE291B3540A800B76346 /* CopyFiles */,
			);
			buildRules = (
			);
			dependencies = (
			);
			name = 07_02;
			productName = 07_02;
			productReference = 2CE9CE2B1B3540A800B76346 /* 07_02 */;
			productType = "com.apple.product-type.tool";
		};
		2CE9CE371B355EA500B76346 /* 07_03 */ = {
			isa = PBXNativeTarget;
			buildConfigurationList = 2CE9CE3C1B355EA500B76346 /* Build configuration list for PBXNativeTarget "07_03" */;
			buildPhases = (
				2CE9CE341B355EA500B76346 /* Sources */,
				2CE9CE351B355EA500B76346 /* Frameworks */,
				2CE9CE361B355EA500B76346 /* CopyFiles */,
			);
			buildRules = (
			);
			dependencies = (
			);
			name = 07_03;
			productName = 07_03;
			productReference = 2CE9CE381B355EA500B76346 /* 07_03 */;
			productType = "com.apple.product-type.tool";
		};
/* End PBXNativeTarget section */

/* Begin PBXProject section */
		2CD0A1081B2C5331009C7C96 /* Project object */ = {
			isa = PBXProject;
			attributes = {
				LastUpgradeCheck = 0710;
				ORGANIZATIONNAME = ds;
				TargetAttributes = {
					2CD0A11D1B2C5349009C7C96 = {
						CreatedOnToolsVersion = 6.3.2;
					};
					2CE9CE2A1B3540A800B76346 = {
						CreatedOnToolsVersion = 6.3.2;
					};
					2CE9CE371B355EA500B76346 = {
						CreatedOnToolsVersion = 6.3.2;
					};
				};
			};
			buildConfigurationList = 2CD0A10B1B2C5331009C7C96 /* Build configuration list for PBXProject "07" */;
			compatibilityVersion = "Xcode 3.2";
			developmentRegion = English;
			hasScannedForEncodings = 0;
			knownRegions = (
				en,
			);
			mainGroup = 2CD0A1071B2C5331009C7C96;
			productRefGroup = 2CD0A1111B2C5331009C7C96 /* Products */;
			projectDirPath = "";
			projectRoot = "";
			targets = (
				2CD0A11D1B2C5349009C7C96 /* 07_01 */,
				2CE9CE2A1B3540A800B76346 /* 07_02 */,
				2CE9CE371B355EA500B76346 /* 07_03 */,
			);
		};
/* End PBXProject section */

/* Begin PBXSourcesBuildPhase section */
		2CD0A11A1B2C5349009C7C96 /* Sources */ = {
			isa = PBXSourcesBuildPhase;
			buildActionMask = 2147483647;
			files = (
				2CD0A1261B2C53EA009C7C96 /* 07_01.c in Sources */,
			);
			runOnlyForDeploymentPostprocessing = 0;
		};
		2CE9CE271B3540A800B76346 /* Sources */ = {
			isa = PBXSourcesBuildPhase;
			buildActionMask = 2147483647;
			files = (
				2CE9CE331B3540DC00B76346 /* 07_02.c in Sources */,
			);
			runOnlyForDeploymentPostprocessing = 0;
		};
		2CE9CE341B355EA500B76346 /* Sources */ = {
			isa = PBXSourcesBuildPhase;
			buildActionMask = 2147483647;
			files = (
				2CE9CE3B1B355EA500B76346 /* 07_03.c in Sources */,
			);
			runOnlyForDeploymentPostprocessing = 0;
		};
/* End PBXSourcesBuildPhase section */

/* Begin XCBuildConfiguration section */
		2CD0A1151B2C5331009C7C96 /* Debug */ = {
			isa = XCBuildConfiguration;
			buildSettings = {
				ALWAYS_SEARCH_USER_PATHS = NO;
				CLANG_CXX_LANGUAGE_STANDARD = "gnu++0x";
				CLANG_CXX_LIBRARY = "libc++";
				CLANG_ENABLE_MODULES = YES;
				CLANG_ENABLE_OBJC_ARC = YES;
				CLANG_WARN_BOOL_CONVERSION = YES;
				CLANG_WARN_CONSTANT_CONVERSION = YES;
				CLANG_WARN_DIRECT_OBJC_ISA_USAGE = YES_ERROR;
				CLANG_WARN_EMPTY_BODY = YES;
				CLANG_WARN_ENUM_CONVERSION = YES;
				CLANG_WARN_INT_CONVERSION = YES;
				CLANG_WARN_OBJC_ROOT_CLASS = YES_ERROR;
				CLANG_WARN_UNREACHABLE_CODE = YES;
				CLANG_WARN__DUPLICATE_METHOD_MATCH = YES;
				COPY_PHASE_STRIP = NO;
				DEBUG_INFORMATION_FORMAT = dwarf;
				ENABLE_STRICT_OBJC_MSGSEND = YES;
				ENABLE_TESTABILITY = YES;
				GCC_C_LANGUAGE_STANDARD = gnu99;
				GCC_DYNAMIC_NO_PIC = NO;
				GCC_NO_COMMON_BLOCKS = YES;
				GCC_OPTIMIZATION_LEVEL = 0;
				GCC_PREPROCESSOR_DEFINITIONS = (
					"DEBUG=1",
					"$(inherited)",
				);
				GCC_SYMBOLS_PRIVATE_EXTERN = NO;
				GCC_WARN_64_TO_32_BIT_CONVERSION = YES;
				GCC_WARN_ABOUT_RETURN_TYPE = YES_ERROR;
				GCC_WARN_UNDECLARED_SELECTOR = YES;
				GCC_WARN_UNINITIALIZED_AUTOS = YES_AGGRESSIVE;
				GCC_WARN_UNUSED_FUNCTION = YES;
				GCC_WARN_UNUSED_VARIABLE = YES;
				MACOSX_DEPLOYMENT_TARGET = 10.10;
				MTL_ENABLE_DEBUG_INFO = YES;
				ONLY_ACTIVE_ARCH = YES;
				SDKROOT = macosx;
			};
			name = Debug;
		};
		2CD0A1161B2C5331009C7C96 /* Release */ = {
			isa = XCBuildConfiguration;
			buildSettings = {
				ALWAYS_SEARCH_USER_PATHS = NO;
				CLANG_CXX_LANGUAGE_STANDARD = "gnu++0x";
				CLANG_CXX_LIBRARY = "libc++";
				CLANG_ENABLE_MODULES = YES;
				CLANG_ENABLE_OBJC_ARC = YES;
				CLANG_WARN_BOOL_CONVERSION = YES;
				CLANG_WARN_CONSTANT_CONVERSION = YES;
				CLANG_WARN_DIRECT_OBJC_ISA_USAGE = YES_ERROR;
				CLANG_WARN_EMPTY_BODY = YES;
				CLANG_WARN_ENUM_CONVERSION = YES;
				CLANG_WARN_INT_CONVERSION = YES;
				CLANG_WARN_OBJC_ROOT_CLASS = YES_ERROR;
				CLANG_WARN_UNREACHABLE_CODE = YES;
				CLANG_WARN__DUPLICATE_METHOD_MATCH = YES;
				COPY_PHASE_STRIP = NO;
				DEBUG_INFORMATION_FORMAT = "dwarf-with-dsym";
				ENABLE_NS_ASSERTIONS = NO;
				ENABLE_STRICT_OBJC_MSGSEND = YES;
				GCC_C_LANGUAGE_STANDARD = gnu99;
				GCC_NO_COMMON_BLOCKS = YES;
				GCC_WARN_64_TO_32_BIT_CONVERSION = YES;
				GCC_WARN_ABOUT_RETURN_TYPE = YES_ERROR;
				GCC_WARN_UNDECLARED_SELECTOR = YES;
				GCC_WARN_UNINITIALIZED_AUTOS = YES_AGGRESSIVE;
				GCC_WARN_UNUSED_FUNCTION = YES;
				GCC_WARN_UNUSED_VARIABLE = YES;
				MACOSX_DEPLOYMENT_TARGET = 10.10;
				MTL_ENABLE_DEBUG_INFO = NO;
				SDKROOT = macosx;
			};
			name = Release;
		};
		2CD0A1231B2C5349009C7C96 /* Debug */ = {
			isa = XCBuildConfiguration;
			buildSettings = {
				GCC_PREPROCESSOR_DEFINITIONS = (
					"DEBUG=1",
					"$(inherited)",
				);
				PRODUCT_NAME = "$(TARGET_NAME)";
			};
			name = Debug;
		};
		2CD0A1241B2C5349009C7C96 /* Release */ = {
			isa = XCBuildConfiguration;
			buildSettings = {
				PRODUCT_NAME = "$(TARGET_NAME)";
			};
			name = Release;
		};
		2CE9CE2F1B3540A800B76346 /* Debug */ = {
			isa = XCBuildConfiguration;
			buildSettings = {
				GCC_PREPROCESSOR_DEFINITIONS = (
					"DEBUG=1",
					"$(inherited)",
				);
				PRODUCT_NAME = "$(TARGET_NAME)";
			};
			name = Debug;
		};
		2CE9CE301B3540A800B76346 /* Release */ = {
			isa = XCBuildConfiguration;
			buildSettings = {
				PRODUCT_NAME = "$(TARGET_NAME)";
			};
			name = Release;
		};
		2CE9CE3D1B355EA500B76346 /* Debug */ = {
			isa = XCBuildConfiguration;
			buildSettings = {
				GCC_PREPROCESSOR_DEFINITIONS = (
					"DEBUG=1",
					"$(inherited)",
				);
				PRODUCT_NAME = "$(TARGET_NAME)";
			};
			name = Debug;
		};
		2CE9CE3E1B355EA500B76346 /* Release */ = {
			isa = XCBuildConfiguration;
			buildSettings = {
				PRODUCT_NAME = "$(TARGET_NAME)";
			};
			name = Release;
		};
/* End XCBuildConfiguration section */

/* Begin XCConfigurationList section */
		2CD0A10B1B2C5331009C7C96 /* Build configuration list for PBXProject "07" */ = {
			isa = XCConfigurationList;
			buildConfigurations = (
				2CD0A1151B2C5331009C7C96 /* Debug */,
				2CD0A1161B2C5331009C7C96 /* Release */,
			);
			defaultConfigurationIsVisible = 0;
			defaultConfigurationName = Release;
		};
		2CD0A1221B2C5349009C7C96 /* Build configuration list for PBXNativeTarget "07_01" */ = {
			isa = XCConfigurationList;
			buildConfigurations = (
				2CD0A1231B2C5349009C7C96 /* Debug */,
				2CD0A1241B2C5349009C7C96 /* Release */,
			);
			defaultConfigurationIsVisible = 0;
			defaultConfigurationName = Release;
		};
		2CE9CE311B3540A800B76346 /* Build configuration list for PBXNativeTarget "07_02" */ = {
			isa = XCConfigurationList;
			buildConfigurations = (
				2CE9CE2F1B3540A800B76346 /* Debug */,
				2CE9CE301B3540A800B76346 /* Release */,
			);
			defaultConfigurationIsVisible = 0;
			defaultConfigurationName = Release;
		};
		2CE9CE3C1B355EA500B76346 /* Build configuration list for PBXNativeTarget "07_03" */ = {
			isa = XCConfigurationList;
			buildConfigurations = (
				2CE9CE3D1B355EA500B76346 /* Debug */,
				2CE9CE3E1B355EA500B76346 /* Release */,
			);
			defaultConfigurationIsVisible = 0;
			defaultConfigurationName = Release;
		};
/* End XCConfigurationList section */
	};
	rootObject = 2CD0A1081B2C5331009C7C96 /* Project object */;
}
